{
  "name": "functions",
  "lockfileVersion": 2,
  "requires": true,
  "packages": {
    "": {
      "dependencies": {
        "cross-blob": "^2.0.0",
        "ddb-wrapper": "^1.0.1"
      }
    },
    "node_modules/blob-polyfill": {
      "version": "4.0.20200601",
      "resolved": "https://registry.npmjs.org/blob-polyfill/-/blob-polyfill-4.0.20200601.tgz",
      "integrity": "sha512-1jB6WOIp6IDxNyng5+9A8g/f0uiphib2ELCN+XAnlssinsW8s1k4VYG9b1TxIUd3pdm9RJSLQuBh6iohYmD4hA=="
    },
    "node_modules/cross-blob": {
      "version": "2.0.0",
      "resolved": "https://registry.npmjs.org/cross-blob/-/cross-blob-2.0.0.tgz",
      "integrity": "sha512-NWzFuyG4GTZnM9MtQvjPYVlO12lZCSBdoHIHCZl9WKShsK3CqO+bEH7nuKwlVomlByb37XvT6nVY5uQxDBmk5Q==",
      "dependencies": {
        "blob-polyfill": "^4.0.20200601",
        "fetch-blob": "^2.0.1"
      },
      "engines": {
        "node": "^10.17.0 || >=12.3.0"
      }
    },
    "node_modules/ddb-wrapper": {
      "version": "1.0.1",
      "resolved": "https://registry.npmjs.org/ddb-wrapper/-/ddb-wrapper-1.0.1.tgz",
      "integrity": "sha512-L1/3pyXfYdb/vB5kKDkYowMm7pUWrExZJ+R6HHts3jo5PGinYIN8hSg2m69H3ZFMDXEg90UkOLtHZtrBHcWIhg=="
    },
    "node_modules/fetch-blob": {
      "version": "2.1.2",
      "resolved": "https://registry.npmjs.org/fetch-blob/-/fetch-blob-2.1.2.tgz",
      "integrity": "sha512-YKqtUDwqLyfyMnmbw8XD6Q8j9i/HggKtPEI+pZ1+8bvheBu78biSmNaXWusx1TauGqtUUGx/cBb1mKdq2rLYow==",
      "engines": {
        "node": "^10.17.0 || >=12.3.0"
      },
      "peerDependenciesMeta": {
        "domexception": {
          "optional": true
        }
      }
    }
  },
  "dependencies": {
    "blob-polyfill": {
      "version": "4.0.20200601",
      "resolved": "https://registry.npmjs.org/blob-polyfill/-/blob-polyfill-4.0.20200601.tgz",
      "integrity": "sha512-1jB6WOIp6IDxNyng5+9A8g/f0uiphib2ELCN+XAnlssinsW8s1k4VYG9b1TxIUd3pdm9RJSLQuBh6iohYmD4hA=="
    },
    "cross-blob": {
      "version": "2.0.0",
      "resolved": "https://registry.npmjs.org/cross-blob/-/cross-blob-2.0.0.tgz",
      "integrity": "sha512-NWzFuyG4GTZnM9MtQvjPYVlO12lZCSBdoHIHCZl9WKShsK3CqO+bEH7nuKwlVomlByb37XvT6nVY5uQxDBmk5Q==",
      "requires": {
        "blob-polyfill": "^4.0.20200601",
        "fetch-blob": "^2.0.1"
      }
    },
    "ddb-wrapper": {
      "version": "1.0.1",
      "resolved": "https://registry.npmjs.org/ddb-wrapper/-/ddb-wrapper-1.0.1.tgz",
      "integrity": "sha512-L1/3pyXfYdb/vB5kKDkYowMm7pUWrExZJ+R6HHts3jo5PGinYIN8hSg2m69H3ZFMDXEg90UkOLtHZtrBHcWIhg=="
    },
    "fetch-blob": {
      "version": "2.1.2",
      "resolved": "https://registry.npmjs.org/fetch-blob/-/fetch-blob-2.1.2.tgz",
      "integrity": "sha512-YKqtUDwqLyfyMnmbw8XD6Q8j9i/HggKtPEI+pZ1+8bvheBu78biSmNaXWusx1TauGqtUUGx/cBb1mKdq2rLYow=="
    }
  }
}
